<?xml version="1.0" encoding="utf-8"?>
<Project ToolsVersion="15.0" xmlns="http://schemas.microsoft.com/developer/msbuild/2003">
  <ItemGroup>
    <Filter Include="Resources">
      <UniqueIdentifier>5dc70e48-10da-4ca0-8e1d-7e6f426689a4</UniqueIdentifier>
      <Extensions>rc;ico;cur;bmp;dlg;rc2;rct;bin;rgs;gif;jpg;jpeg;jpe;resx;tga;tiff;tif;png;wav;mfcribbon-ms</Extensions>
    </Filter>
    <Filter Include="Generated Files">
      <UniqueIdentifier>{30905c90-e0a1-4731-af99-7e07b1118acd}</UniqueIdentifier>
    </Filter>
  </ItemGroup>
  <ItemGroup>
    <ClCompile Include="pch.cpp" />
    <ClCompile Include="$(GeneratedFilesDir)module.g.cpp" />
    <ClCompile Include="ReactPackageProvider.cpp" />
    <ClCompile Include="GyroscopeModule.cpp" />
    <ClCompile Include="AccelerometerModule.cpp" />
    <ClCompile Include="BarometerModule.cpp" />
    <ClCompile Include="MagnetometerModule.cpp" />
  </ItemGroup>
  <ItemGroup>
    <ClInclude Include="pch.h" />
    <ClInclude Include="ReactPackageProvider.h" />
    <ClInclude Include="GyroscopeModule.h" />
    <ClInclude Include="AccelerometerModule.h" />
    <ClInclude Include="BarometerModule.h" />
    <ClInclude Include="MagnetometerModule.h" />
  </ItemGroup>
  <ItemGroup>
    <None Include="packages.config" />
    <None Include="RNSensors.def" />
  </ItemGroup>
  <ItemGroup>
    <None Include="PropertySheet.props" />
  </ItemGroup>
  <ItemGroup>
    <Midl Include="ReactPackageProvider.idl" />
  </ItemGroup>
</Project>